
Microsoft Visual Studio Solution File, Format Version 12.00
# Visual Studio Version 17
VisualStudioVersion = 17.2.32526.322
MinimumVisualStudioVersion = 10.0.40219.1
Project("{FAE04EC0-301F-11D3-BF4B-00C04F79EFBC}") = "NFLTeams", "NFLTeams\NFLTeams.csproj", "{07A10024-C99E-45BE-AB9E-9A02CEE5C09C}"
EndProject
Global
	GlobalSection(SolutionConfigurationPlatforms) = preSolution
		Debug|Any CPU = Debug|Any CPU
		Release|Any CPU = Release|Any CPU
	EndGlobalSection
	GlobalSection(ProjectConfigurationPlatforms) = postSolution
		{07A10024-C99E-45BE-AB9E-9A02CEE5C09C}.Debug|Any CPU.ActiveCfg = Debug|Any CPU
		{07A10024-C99E-45BE-AB9E-9A02CEE5C09C}.Debug|Any CPU.Build.0 = Debug|Any CPU
		{07A10024-C99E-45BE-AB9E-9A02CEE5C09C}.Release|Any CPU.ActiveCfg = Release|Any CPU
		{07A10024-C99E-45BE-AB9E-9A02CEE5C09C}.Release|Any CPU.Build.0 = Release|Any CPU
	EndGlobalSection
	GlobalSection(SolutionProperties) = preSolution
		HideSolutionNode = FALSE
	EndGlobalSection
	GlobalSection(ExtensibilityGlobals) = postSolution
		SolutionGuid = {FD168790-51EE-4446-A590-C627FEB8D320}
	EndGlobalSection
EndGlobal
