
Microsoft Visual Studio Solution File, Format Version 12.00
# Visual Studio Version 17
VisualStudioVersion = 17.2.32526.322
MinimumVisualStudioVersion = 10.0.40219.1
Project("{FAE04EC0-301F-11D3-BF4B-00C04F79EFBC}") = "FutureValue", "FutureValue\FutureValue.csproj", "{CC957E96-5BE6-4FAA-BF47-5CAD6ADA019F}"
EndProject
Global
	GlobalSection(SolutionConfigurationPlatforms) = preSolution
		Debug|Any CPU = Debug|Any CPU
		Release|Any CPU = Release|Any CPU
	EndGlobalSection
	GlobalSection(ProjectConfigurationPlatforms) = postSolution
		{CC957E96-5BE6-4FAA-BF47-5CAD6ADA019F}.Debug|Any CPU.ActiveCfg = Debug|Any CPU
		{CC957E96-5BE6-4FAA-BF47-5CAD6ADA019F}.Debug|Any CPU.Build.0 = Debug|Any CPU
		{CC957E96-5BE6-4FAA-BF47-5CAD6ADA019F}.Release|Any CPU.ActiveCfg = Release|Any CPU
		{CC957E96-5BE6-4FAA-BF47-5CAD6ADA019F}.Release|Any CPU.Build.0 = Release|Any CPU
	EndGlobalSection
	GlobalSection(SolutionProperties) = preSolution
		HideSolutionNode = FALSE
	EndGlobalSection
	GlobalSection(ExtensibilityGlobals) = postSolution
		SolutionGuid = {D9BF94F9-393C-41ED-968C-A22F378C967E}
	EndGlobalSection
EndGlobal
