
Microsoft Visual Studio Solution File, Format Version 12.00
# Visual Studio Version 17
VisualStudioVersion = 17.2.32526.322
MinimumVisualStudioVersion = 10.0.40219.1
Project("{9A19103F-16F7-4668-BE54-9A1E7A4F7556}") = "MovieList", "MovieList\MovieList.csproj", "{EEA90059-7F16-47B8-BE0F-14A0BFA34107}"
EndProject
Global
	GlobalSection(SolutionConfigurationPlatforms) = preSolution
		Debug|Any CPU = Debug|Any CPU
		Release|Any CPU = Release|Any CPU
	EndGlobalSection
	GlobalSection(ProjectConfigurationPlatforms) = postSolution
		{EEA90059-7F16-47B8-BE0F-14A0BFA34107}.Debug|Any CPU.ActiveCfg = Debug|Any CPU
		{EEA90059-7F16-47B8-BE0F-14A0BFA34107}.Debug|Any CPU.Build.0 = Debug|Any CPU
		{EEA90059-7F16-47B8-BE0F-14A0BFA34107}.Release|Any CPU.ActiveCfg = Release|Any CPU
		{EEA90059-7F16-47B8-BE0F-14A0BFA34107}.Release|Any CPU.Build.0 = Release|Any CPU
	EndGlobalSection
	GlobalSection(SolutionProperties) = preSolution
		HideSolutionNode = FALSE
	EndGlobalSection
	GlobalSection(ExtensibilityGlobals) = postSolution
		SolutionGuid = {C912D2E1-1732-47ED-945B-74EF90D31332}
	EndGlobalSection
EndGlobal
