
Microsoft Visual Studio Solution File, Format Version 12.00
# Visual Studio Version 17
VisualStudioVersion = 17.2.32526.322
MinimumVisualStudioVersion = 10.0.40219.1
Project("{FAE04EC0-301F-11D3-BF4B-00C04F79EFBC}") = "NFLTeams", "NFLTeams\NFLTeams.csproj", "{179F0332-6A58-41F2-8876-F12761C3BA92}"
EndProject
Global
	GlobalSection(SolutionConfigurationPlatforms) = preSolution
		Debug|Any CPU = Debug|Any CPU
		Release|Any CPU = Release|Any CPU
	EndGlobalSection
	GlobalSection(ProjectConfigurationPlatforms) = postSolution
		{179F0332-6A58-41F2-8876-F12761C3BA92}.Debug|Any CPU.ActiveCfg = Debug|Any CPU
		{179F0332-6A58-41F2-8876-F12761C3BA92}.Debug|Any CPU.Build.0 = Debug|Any CPU
		{179F0332-6A58-41F2-8876-F12761C3BA92}.Release|Any CPU.ActiveCfg = Release|Any CPU
		{179F0332-6A58-41F2-8876-F12761C3BA92}.Release|Any CPU.Build.0 = Release|Any CPU
	EndGlobalSection
	GlobalSection(SolutionProperties) = preSolution
		HideSolutionNode = FALSE
	EndGlobalSection
	GlobalSection(ExtensibilityGlobals) = postSolution
		SolutionGuid = {E9F33B59-BC1C-4380-891D-D7F470FED625}
	EndGlobalSection
EndGlobal
