
Microsoft Visual Studio Solution File, Format Version 12.00
# Visual Studio Version 17
VisualStudioVersion = 17.2.32526.322
MinimumVisualStudioVersion = 10.0.40219.1
Project("{FAE04EC0-301F-11D3-BF4B-00C04F79EFBC}") = "TempManager", "TempManager\TempManager.csproj", "{0C8FE079-931B-4954-8649-C3DB039D4963}"
EndProject
Global
	GlobalSection(SolutionConfigurationPlatforms) = preSolution
		Debug|Any CPU = Debug|Any CPU
		Release|Any CPU = Release|Any CPU
	EndGlobalSection
	GlobalSection(ProjectConfigurationPlatforms) = postSolution
		{0C8FE079-931B-4954-8649-C3DB039D4963}.Debug|Any CPU.ActiveCfg = Debug|Any CPU
		{0C8FE079-931B-4954-8649-C3DB039D4963}.Debug|Any CPU.Build.0 = Debug|Any CPU
		{0C8FE079-931B-4954-8649-C3DB039D4963}.Release|Any CPU.ActiveCfg = Release|Any CPU
		{0C8FE079-931B-4954-8649-C3DB039D4963}.Release|Any CPU.Build.0 = Release|Any CPU
	EndGlobalSection
	GlobalSection(SolutionProperties) = preSolution
		HideSolutionNode = FALSE
	EndGlobalSection
	GlobalSection(ExtensibilityGlobals) = postSolution
		SolutionGuid = {AA7DA3E4-081F-4642-B3F6-6A9FE6299426}
	EndGlobalSection
EndGlobal
