
Microsoft Visual Studio Solution File, Format Version 12.00
# Visual Studio Version 17
VisualStudioVersion = 17.2.32526.322
MinimumVisualStudioVersion = 10.0.40219.1
Project("{FAE04EC0-301F-11D3-BF4B-00C04F79EFBC}") = "Registration", "Registration\Registration.csproj", "{9F728600-7141-4030-8884-0797D5482C43}"
EndProject
Global
	GlobalSection(SolutionConfigurationPlatforms) = preSolution
		Debug|Any CPU = Debug|Any CPU
		Release|Any CPU = Release|Any CPU
	EndGlobalSection
	GlobalSection(ProjectConfigurationPlatforms) = postSolution
		{9F728600-7141-4030-8884-0797D5482C43}.Debug|Any CPU.ActiveCfg = Debug|Any CPU
		{9F728600-7141-4030-8884-0797D5482C43}.Debug|Any CPU.Build.0 = Debug|Any CPU
		{9F728600-7141-4030-8884-0797D5482C43}.Release|Any CPU.ActiveCfg = Release|Any CPU
		{9F728600-7141-4030-8884-0797D5482C43}.Release|Any CPU.Build.0 = Release|Any CPU
	EndGlobalSection
	GlobalSection(SolutionProperties) = preSolution
		HideSolutionNode = FALSE
	EndGlobalSection
	GlobalSection(ExtensibilityGlobals) = postSolution
		SolutionGuid = {50CFEBE1-397E-43C3-935A-882D297D73ED}
	EndGlobalSection
EndGlobal
