
Microsoft Visual Studio Solution File, Format Version 12.00
# Visual Studio Version 17
VisualStudioVersion = 17.2.32526.322
MinimumVisualStudioVersion = 10.0.40219.1
Project("{FAE04EC0-301F-11D3-BF4B-00C04F79EFBC}") = "GuitarShop", "GuitarShop\GuitarShop.csproj", "{470E9425-B5AD-4D94-8146-11D14F667BC8}"
EndProject
Global
	GlobalSection(SolutionConfigurationPlatforms) = preSolution
		Debug|Any CPU = Debug|Any CPU
		Release|Any CPU = Release|Any CPU
	EndGlobalSection
	GlobalSection(ProjectConfigurationPlatforms) = postSolution
		{470E9425-B5AD-4D94-8146-11D14F667BC8}.Debug|Any CPU.ActiveCfg = Debug|Any CPU
		{470E9425-B5AD-4D94-8146-11D14F667BC8}.Debug|Any CPU.Build.0 = Debug|Any CPU
		{470E9425-B5AD-4D94-8146-11D14F667BC8}.Release|Any CPU.ActiveCfg = Release|Any CPU
		{470E9425-B5AD-4D94-8146-11D14F667BC8}.Release|Any CPU.Build.0 = Release|Any CPU
	EndGlobalSection
	GlobalSection(SolutionProperties) = preSolution
		HideSolutionNode = FALSE
	EndGlobalSection
	GlobalSection(ExtensibilityGlobals) = postSolution
		SolutionGuid = {8C4BC986-DB52-40E2-8384-91B6D8E619EF}
	EndGlobalSection
EndGlobal
