
Microsoft Visual Studio Solution File, Format Version 12.00
# Visual Studio Version 17
VisualStudioVersion = 17.2.32526.322
MinimumVisualStudioVersion = 10.0.40219.1
Project("{FAE04EC0-301F-11D3-BF4B-00C04F79EFBC}") = "Bookstore", "Bookstore\Bookstore.csproj", "{D82C6BC1-F943-4571-BC10-123FD68648B9}"
EndProject
Global
	GlobalSection(SolutionConfigurationPlatforms) = preSolution
		Debug|Any CPU = Debug|Any CPU
		Release|Any CPU = Release|Any CPU
	EndGlobalSection
	GlobalSection(ProjectConfigurationPlatforms) = postSolution
		{D82C6BC1-F943-4571-BC10-123FD68648B9}.Debug|Any CPU.ActiveCfg = Debug|Any CPU
		{D82C6BC1-F943-4571-BC10-123FD68648B9}.Debug|Any CPU.Build.0 = Debug|Any CPU
		{D82C6BC1-F943-4571-BC10-123FD68648B9}.Release|Any CPU.ActiveCfg = Release|Any CPU
		{D82C6BC1-F943-4571-BC10-123FD68648B9}.Release|Any CPU.Build.0 = Release|Any CPU
	EndGlobalSection
	GlobalSection(SolutionProperties) = preSolution
		HideSolutionNode = FALSE
	EndGlobalSection
	GlobalSection(ExtensibilityGlobals) = postSolution
		SolutionGuid = {B844D1DD-98F9-4533-9B6A-067884A556D0}
	EndGlobalSection
EndGlobal
