
Microsoft Visual Studio Solution File, Format Version 12.00
# Visual Studio Version 17
VisualStudioVersion = 17.2.32526.322
MinimumVisualStudioVersion = 10.0.40219.1
Project("{FAE04EC0-301F-11D3-BF4B-00C04F79EFBC}") = "NFLTeams", "NFLTeams\NFLTeams.csproj", "{BF30B8C0-92CA-43DF-B331-EDA1754FA23F}"
EndProject
Global
	GlobalSection(SolutionConfigurationPlatforms) = preSolution
		Debug|Any CPU = Debug|Any CPU
		Release|Any CPU = Release|Any CPU
	EndGlobalSection
	GlobalSection(ProjectConfigurationPlatforms) = postSolution
		{BF30B8C0-92CA-43DF-B331-EDA1754FA23F}.Debug|Any CPU.ActiveCfg = Debug|Any CPU
		{BF30B8C0-92CA-43DF-B331-EDA1754FA23F}.Debug|Any CPU.Build.0 = Debug|Any CPU
		{BF30B8C0-92CA-43DF-B331-EDA1754FA23F}.Release|Any CPU.ActiveCfg = Release|Any CPU
		{BF30B8C0-92CA-43DF-B331-EDA1754FA23F}.Release|Any CPU.Build.0 = Release|Any CPU
	EndGlobalSection
	GlobalSection(SolutionProperties) = preSolution
		HideSolutionNode = FALSE
	EndGlobalSection
	GlobalSection(ExtensibilityGlobals) = postSolution
		SolutionGuid = {642078E7-B16D-4875-A492-37B32F2A7976}
	EndGlobalSection
EndGlobal
