
Microsoft Visual Studio Solution File, Format Version 12.00
# Visual Studio Version 17
VisualStudioVersion = 17.2.32526.322
MinimumVisualStudioVersion = 10.0.40219.1
Project("{FAE04EC0-301F-11D3-BF4B-00C04F79EFBC}") = "MovieList", "MovieList\MovieList.csproj", "{A14085C2-3DD5-4C97-92C3-C155B47659CB}"
EndProject
Global
	GlobalSection(SolutionConfigurationPlatforms) = preSolution
		Debug|Any CPU = Debug|Any CPU
		Release|Any CPU = Release|Any CPU
	EndGlobalSection
	GlobalSection(ProjectConfigurationPlatforms) = postSolution
		{A14085C2-3DD5-4C97-92C3-C155B47659CB}.Debug|Any CPU.ActiveCfg = Debug|Any CPU
		{A14085C2-3DD5-4C97-92C3-C155B47659CB}.Debug|Any CPU.Build.0 = Debug|Any CPU
		{A14085C2-3DD5-4C97-92C3-C155B47659CB}.Release|Any CPU.ActiveCfg = Release|Any CPU
		{A14085C2-3DD5-4C97-92C3-C155B47659CB}.Release|Any CPU.Build.0 = Release|Any CPU
	EndGlobalSection
	GlobalSection(SolutionProperties) = preSolution
		HideSolutionNode = FALSE
	EndGlobalSection
	GlobalSection(ExtensibilityGlobals) = postSolution
		SolutionGuid = {03B61A91-B0A9-4FA0-A1CB-1F96E9C566FE}
	EndGlobalSection
EndGlobal
