
Microsoft Visual Studio Solution File, Format Version 12.00
# Visual Studio Version 17
VisualStudioVersion = 17.2.32526.322
MinimumVisualStudioVersion = 10.0.40219.1
Project("{FAE04EC0-301F-11D3-BF4B-00C04F79EFBC}") = "MovieList", "MovieList\MovieList.csproj", "{52AD5A28-34B0-4DBD-A957-DFE94356338C}"
EndProject
Global
	GlobalSection(SolutionConfigurationPlatforms) = preSolution
		Debug|Any CPU = Debug|Any CPU
		Release|Any CPU = Release|Any CPU
	EndGlobalSection
	GlobalSection(ProjectConfigurationPlatforms) = postSolution
		{52AD5A28-34B0-4DBD-A957-DFE94356338C}.Debug|Any CPU.ActiveCfg = Debug|Any CPU
		{52AD5A28-34B0-4DBD-A957-DFE94356338C}.Debug|Any CPU.Build.0 = Debug|Any CPU
		{52AD5A28-34B0-4DBD-A957-DFE94356338C}.Release|Any CPU.ActiveCfg = Release|Any CPU
		{52AD5A28-34B0-4DBD-A957-DFE94356338C}.Release|Any CPU.Build.0 = Release|Any CPU
	EndGlobalSection
	GlobalSection(SolutionProperties) = preSolution
		HideSolutionNode = FALSE
	EndGlobalSection
	GlobalSection(ExtensibilityGlobals) = postSolution
		SolutionGuid = {FD00C2A7-78C0-4B08-B9C6-5C03BBCEFA70}
	EndGlobalSection
EndGlobal
