
Microsoft Visual Studio Solution File, Format Version 12.00
# Visual Studio Version 17
VisualStudioVersion = 17.2.32526.322
MinimumVisualStudioVersion = 10.0.40219.1
Project("{FAE04EC0-301F-11D3-BF4B-00C04F79EFBC}") = "FutureValue", "FutureValue\FutureValue.csproj", "{FF6B7738-A455-44AF-BB0C-D965635045C3}"
EndProject
Global
	GlobalSection(SolutionConfigurationPlatforms) = preSolution
		Debug|Any CPU = Debug|Any CPU
		Release|Any CPU = Release|Any CPU
	EndGlobalSection
	GlobalSection(ProjectConfigurationPlatforms) = postSolution
		{FF6B7738-A455-44AF-BB0C-D965635045C3}.Debug|Any CPU.ActiveCfg = Debug|Any CPU
		{FF6B7738-A455-44AF-BB0C-D965635045C3}.Debug|Any CPU.Build.0 = Debug|Any CPU
		{FF6B7738-A455-44AF-BB0C-D965635045C3}.Release|Any CPU.ActiveCfg = Release|Any CPU
		{FF6B7738-A455-44AF-BB0C-D965635045C3}.Release|Any CPU.Build.0 = Release|Any CPU
	EndGlobalSection
	GlobalSection(SolutionProperties) = preSolution
		HideSolutionNode = FALSE
	EndGlobalSection
	GlobalSection(ExtensibilityGlobals) = postSolution
		SolutionGuid = {C35CA590-388A-4911-A8CB-F5378AC946D5}
	EndGlobalSection
EndGlobal
